# THIS IS AN AUTOGENERATED FILE. DO NOT EDIT THIS FILE DIRECTLY.
# yarn lockfile v1


"@nomiclabs/hardhat-waffle@^2.0.5":
  version "2.0.5"
  resolved "https://registry.yarnpkg.com/@nomiclabs/hardhat-waffle/-/hardhat-waffle-2.0.5.tgz#97c217f1db795395c04404291937edb528f3f218"
  integrity sha512-U1RH9OQ1mWYQfb+moX5aTgGjpVVlOcpiFI47wwnaGG4kLhcTy90cNiapoqZenxcRAITVbr0/+QSduINL5EsUIQ==
